
Microsoft Visual Studio Solution File, Format Version 12.00
# Visual Studio Version 17
VisualStudioVersion = 17.14.36119.2 d17.14
MinimumVisualStudioVersion = 10.0.40219.1
Project("{FAE04EC0-301F-11D3-BF4B-00C04F79EFBC}") = "HelperDrone", "HelperDrone.csproj", "{3C5300FC-7316-4084-8159-8BEFA013639E}"
EndProject
Project("{FAE04EC0-301F-11D3-BF4B-00C04F79EFBC}") = "HelperDrone.Tests", "..\HelperDrone.Tests\HelperDrone.Tests.csproj", "{205303BD-A91D-4610-BA6B-99B8BE66CA80}"
EndProject
Project("{FAE04EC0-301F-11D3-BF4B-00C04F79EFBC}") = "HelperDrone.WorkerService", "..\HelperDrone.WorkerService\HelperDrone.WorkerService.csproj", "{987194FF-1F97-4969-84B3-E9B0C74836EC}"
EndProject
Global
	GlobalSection(SolutionConfigurationPlatforms) = preSolution
		Debug|Any CPU = Debug|Any CPU
		Release|Any CPU = Release|Any CPU
	EndGlobalSection
	GlobalSection(ProjectConfigurationPlatforms) = postSolution
		{3C5300FC-7316-4084-8159-8BEFA013639E}.Debug|Any CPU.ActiveCfg = Debug|Any CPU
		{3C5300FC-7316-4084-8159-8BEFA013639E}.Debug|Any CPU.Build.0 = Debug|Any CPU
		{3C5300FC-7316-4084-8159-8BEFA013639E}.Release|Any CPU.ActiveCfg = Release|Any CPU
		{3C5300FC-7316-4084-8159-8BEFA013639E}.Release|Any CPU.Build.0 = Release|Any CPU
		{205303BD-A91D-4610-BA6B-99B8BE66CA80}.Debug|Any CPU.ActiveCfg = Debug|Any CPU
		{205303BD-A91D-4610-BA6B-99B8BE66CA80}.Debug|Any CPU.Build.0 = Debug|Any CPU
		{205303BD-A91D-4610-BA6B-99B8BE66CA80}.Release|Any CPU.ActiveCfg = Release|Any CPU
		{205303BD-A91D-4610-BA6B-99B8BE66CA80}.Release|Any CPU.Build.0 = Release|Any CPU
		{987194FF-1F97-4969-84B3-E9B0C74836EC}.Debug|Any CPU.ActiveCfg = Debug|Any CPU
		{987194FF-1F97-4969-84B3-E9B0C74836EC}.Debug|Any CPU.Build.0 = Debug|Any CPU
		{987194FF-1F97-4969-84B3-E9B0C74836EC}.Release|Any CPU.ActiveCfg = Release|Any CPU
		{987194FF-1F97-4969-84B3-E9B0C74836EC}.Release|Any CPU.Build.0 = Release|Any CPU
	EndGlobalSection
	GlobalSection(SolutionProperties) = preSolution
		HideSolutionNode = FALSE
	EndGlobalSection
	GlobalSection(ExtensibilityGlobals) = postSolution
		SolutionGuid = {254BF009-74F7-429F-A976-707AE7F3B155}
	EndGlobalSection
EndGlobal
